// !$*UTF8*$!
{
	archiveVersion = 1;
	classes = {
	};
	objectVersion = 46;
	objects = {

/* Begin PBXBuildFile section */
		3FD85BDB1F53AE2A00E782B1 /* AppDelegate.swift in Sources */ = {isa = PBXBuildFile; fileRef = 3FD85BDA1F53AE2A00E782B1 /* AppDelegate.swift */; };
		3FD85BDD1F53AE2A00E782B1 /* ViewController.swift in Sources */ = {isa = PBXBuildFile; fileRef = 3FD85BDC1F53AE2A00E782B1 /* ViewController.swift */; };
		3FD85BE01F53AE2A00E782B1 /* Main.storyboard in Resources */ = {isa = PBXBuildFile; fileRef = 3FD85BDE1F53AE2A00E782B1 /* Main.storyboard */; };
		3FD85BE21F53AE2A00E782B1 /* Assets.xcassets in Resources */ = {isa = PBXBuildFile; fileRef = 3FD85BE11F53AE2A00E782B1 /* Assets.xcassets */; };
		3FD85BE51F53AE2A00E782B1 /* LaunchScreen.storyboard in Resources */ = {isa = PBXBuildFile; fileRef = 3FD85BE31F53AE2A00E782B1 /* LaunchScreen.storyboard */; };
/* End PBXBuildFile section */

/* Begin PBXFileReference section */
		3FD85BD71F53AE2A00E782B1 /* IBBasics.app */ = {isa = PBXFileReference; explicitFileType = wrapper.application; includeInIndex = 0; path = IBBasics.app; sourceTree = BUILT_PRODUCTS_DIR; };
		3FD85BDA1F53AE2A00E782B1 /* AppDelegate.swift */ = {isa = PBXFileReference; lastKnownFileType = sourcecode.swift; path = AppDelegate.swift; sourceTree = "<group>"; };
		3FD85BDC1F53AE2A00E782B1 /* ViewController.swift */ = {isa = PBXFileReference; lastKnownFileType = sourcecode.swift; path = ViewController.swift; sourceTree = "<group>"; };
		3FD85BDF1F53AE2A00E782B1 /* Base */ = {isa = PBXFileReference; lastKnownFileType = file.storyboard; name = Base; path = Base.lproj/Main.storyboard; sourceTree = "<group>"; };
		3FD85BE11F53AE2A00E782B1 /* Assets.xcassets */ = {isa = PBXFileReference; lastKnownFileType = folder.assetcatalog; path = Assets.xcassets; sourceTree = "<group>"; };
		3FD85BE41F53AE2A00E782B1 /* Base */ = {isa = PBXFileReference; lastKnownFileType = file.storyboard; name = Base; path = Base.lproj/LaunchScreen.storyboard; sourceTree = "<group>"; };
		3FD85BE61F53AE2A00E782B1 /* Info.plist */ = {isa = PBXFileReference; lastKnownFileType = text.plist.xml; path = Info.plist; sourceTree = "<group>"; };
/* End PBXFileReference section */

/* Begin PBXFrameworksBuildPhase section */
		3FD85BD41F53AE2900E782B1 /* Frameworks */ = {
			isa = PBXFrameworksBuildPhase;
			buildActionMask = 2147483647;
			files = (
			);
			runOnlyForDeploymentPostprocessing = 0;
		};
/* End PBXFrameworksBuildPhase section */

/* Begin PBXGroup section */
		3FD85BCE1F53AE2900E782B1 = {
			isa = PBXGroup;
			children = (
				3FD85BD91F53AE2A00E782B1 /* IBBasics */,
				3FD85BD81F53AE2A00E782B1 /* Products */,
			);
			sourceTree = "<group>";
		};
		3FD85BD81F53AE2A00E782B1 /* Products */ = {
			isa = PBXGroup;
			children = (
				3FD85BD71F53AE2A00E782B1 /* IBBasics.app */,
			);
			name = Products;
			sourceTree = "<group>";
		};
		3FD85BD91F53AE2A00E782B1 /* IBBasics */ = {
			isa = PBXGroup;
			children = (
				3FD85BDA1F53AE2A00E782B1 /* AppDelegate.swift */,
				3FD85BDC1F53AE2A00E782B1 /* ViewController.swift */,
				3FD85BDE1F53AE2A00E782B1 /* Main.storyboard */,
				3FD85BE11F53AE2A00E782B1 /* Assets.xcassets */,
				3FD85BE31F53AE2A00E782B1 /* LaunchScreen.storyboard */,
				3FD85BE61F53AE2A00E782B1 /* Info.plist */,
			);
			path = IBBasics;
			sourceTree = "<group>";
		};
/* End PBXGroup section */

/* Begin PBXNativeTarget section */
		3FD85BD61F53AE2900E782B1 /* IBBasics */ = {
			isa = PBXNativeTarget;
			buildConfigurationList = 3FD85BE91F53AE2A00E782B1 /* Build configuration list for PBXNativeTarget "IBBasics" */;
			buildPhases = (
				3FD85BD31F53AE2900E782B1 /* Sources */,
				3FD85BD41F53AE2900E782B1 /* Frameworks */,
				3FD85BD51F53AE2900E782B1 /* Resources */,
			);
			buildRules = (
			);
			dependencies = (
			);
			name = IBBasics;
			productName = IBBasics;
			productReference = 3FD85BD71F53AE2A00E782B1 /* IBBasics.app */;
			productType = "com.apple.product-type.application";
		};
/* End PBXNativeTarget section */

/* Begin PBXProject section */
		3FD85BCF1F53AE2900E782B1 /* Project object */ = {
			isa = PBXProject;
			attributes = {
				LastSwiftUpdateCheck = 0830;
				LastUpgradeCheck = 0830;
				TargetAttributes = {
					3FD85BD61F53AE2900E782B1 = {
						CreatedOnToolsVersion = 8.3.3;
						ProvisioningStyle = Automatic;
					};
				};
			};
			buildConfigurationList = 3FD85BD21F53AE2900E782B1 /* Build configuration list for PBXProject "IBBasics" */;
			compatibilityVersion = "Xcode 3.2";
			developmentRegion = English;
			hasScannedForEncodings = 0;
			knownRegions = (
				en,
				Base,
			);
			mainGroup = 3FD85BCE1F53AE2900E782B1;
			productRefGroup = 3FD85BD81F53AE2A00E782B1 /* Products */;
			projectDirPath = "";
			projectRoot = "";
			targets = (
				3FD85BD61F53AE2900E782B1 /* IBBasics */,
			);
		};
/* End PBXProject section */

/* Begin PBXResourcesBuildPhase section */
		3FD85BD51F53AE2900E782B1 /* Resources */ = {
			isa = PBXResourcesBuildPhase;
			buildActionMask = 2147483647;
			files = (
				3FD85BE51F53AE2A00E782B1 /* LaunchScreen.storyboard in Resources */,
				3FD85BE21F53AE2A00E782B1 /* Assets.xcassets in Resources */,
				3FD85BE01F53AE2A00E782B1 /* Main.storyboard in Resources */,
			);
			runOnlyForDeploymentPostprocessing = 0;
		};
/* End PBXResourcesBuildPhase section */

/* Begin PBXSourcesBuildPhase section */
		3FD85BD31F53AE2900E782B1 /* Sources */ = {
			isa = PBXSourcesBuildPhase;
			buildActionMask = 2147483647;
			files = (
				3FD85BDD1F53AE2A00E782B1 /* ViewController.swift in Sources */,
				3FD85BDB1F53AE2A00E782B1 /* AppDelegate.swift in Sources */,
			);
			runOnlyForDeploymentPostprocessing = 0;
		};
/* End PBXSourcesBuildPhase section */

/* Begin PBXVariantGroup section */
		3FD85BDE1F53AE2A00E782B1 /* Main.storyboard */ = {
			isa = PBXVariantGroup;
			children = (
				3FD85BDF1F53AE2A00E782B1 /* Base */,
			);
			name = Main.storyboard;
			sourceTree = "<group>";
		};
		3FD85BE31F53AE2A00E782B1 /* LaunchScreen.storyboard */ = {
			isa = PBXVariantGroup;
			children = (
				3FD85BE41F53AE2A00E782B1 /* Base */,
			);
			name = LaunchScreen.storyboard;
			sourceTree = "<group>";
		};
/* End PBXVariantGroup section */

/* Begin XCBuildConfiguration section */
		3FD85BE71F53AE2A00E782B1 /* Debug */ = {
			isa = XCBuildConfiguration;
			buildSettings = {
				ALWAYS_SEARCH_USER_PATHS = NO;
				CLANG_ANALYZER_NONNULL = YES;
				CLANG_ANALYZER_NUMBER_OBJECT_CONVERSION = YES_AGGRESSIVE;
				CLANG_CXX_LANGUAGE_STANDARD = "gnu++0x";
				CLANG_CXX_LIBRARY = "libc++";
				CLANG_ENABLE_MODULES = YES;
				CLANG_ENABLE_OBJC_ARC = YES;
				CLANG_WARN_BOOL_CONVERSION = YES;
				CLANG_WARN_CONSTANT_CONVERSION = YES;
				CLANG_WARN_DIRECT_OBJC_ISA_USAGE = YES_ERROR;
				CLANG_WARN_DOCUMENTATION_COMMENTS = YES;
				CLANG_WARN_EMPTY_BODY = YES;
				CLANG_WARN_ENUM_CONVERSION = YES;
				CLANG_WARN_INFINITE_RECURSION = YES;
				CLANG_WARN_INT_CONVERSION = YES;
				CLANG_WARN_OBJC_ROOT_CLASS = YES_ERROR;
				CLANG_WARN_SUSPICIOUS_MOVE = YES;
				CLANG_WARN_UNREACHABLE_CODE = YES;
				CLANG_WARN__DUPLICATE_METHOD_MATCH = YES;
				"CODE_SIGN_IDENTITY[sdk=iphoneos*]" = "iPhone Developer";
				COPY_PHASE_STRIP = NO;
				DEBUG_INFORMATION_FORMAT = dwarf;
				ENABLE_STRICT_OBJC_MSGSEND = YES;
				ENABLE_TESTABILITY = YES;
				GCC_C_LANGUAGE_STANDARD = gnu99;
				GCC_DYNAMIC_NO_PIC = NO;
				GCC_NO_COMMON_BLOCKS = YES;
				GCC_OPTIMIZATION_LEVEL = 0;
				GCC_PREPROCESSOR_DEFINITIONS = (
					"DEBUG=1",
					"$(inherited)",
				);
				GCC_WARN_64_TO_32_BIT_CONVERSION = YES;
				GCC_WARN_ABOUT_RETURN_TYPE = YES_ERROR;
				GCC_WARN_UNDECLARED_SELECTOR = YES;
				GCC_WARN_UNINITIALIZED_AUTOS = YES_AGGRESSIVE;
				GCC_WARN_UNUSED_FUNCTION = YES;
				GCC_WARN_UNUSED_VARIABLE = YES;
				IPHONEOS_DEPLOYMENT_TARGET = 10.3;
				MTL_ENABLE_DEBUG_INFO = YES;
				ONLY_ACTIVE_ARCH = YES;
				SDKROOT = iphoneos;
				SWIFT_ACTIVE_COMPILATION_CONDITIONS = DEBUG;
				SWIFT_OPTIMIZATION_LEVEL = "-Onone";
				TARGETED_DEVICE_FAMILY = "1,2";
			};
			name = Debug;
		};
		3FD85BE81F53AE2A00E782B1 /* Release */ = {
			isa = XCBuildConfiguration;
			buildSettings = {
				ALWAYS_SEARCH_USER_PATHS = NO;
				CLANG_ANALYZER_NONNULL = YES;
				CLANG_ANALYZER_NUMBER_OBJECT_CONVERSION = YES_AGGRESSIVE;
				CLANG_CXX_LANGUAGE_STANDARD = "gnu++0x";
				CLANG_CXX_LIBRARY = "libc++";
				CLANG_ENABLE_MODULES = YES;
				CLANG_ENABLE_OBJC_ARC = YES;
				CLANG_WARN_BOOL_CONVERSION = YES;
				CLANG_WARN_CONSTANT_CONVERSION = YES;
				CLANG_WARN_DIRECT_OBJC_ISA_USAGE = YES_ERROR;
				CLANG_WARN_DOCUMENTATION_COMMENTS = YES;
				CLANG_WARN_EMPTY_BODY = YES;
				CLANG_WARN_ENUM_CONVERSION = YES;
				CLANG_WARN_INFINITE_RECURSION = YES;
				CLANG_WARN_INT_CONVERSION = YES;
				CLANG_WARN_OBJC_ROOT_CLASS = YES_ERROR;
				CLANG_WARN_SUSPICIOUS_MOVE = YES;
				CLANG_WARN_UNREACHABLE_CODE = YES;
				CLANG_WARN__DUPLICATE_METHOD_MATCH = YES;
				"CODE_SIGN_IDENTITY[sdk=iphoneos*]" = "iPhone Developer";
				COPY_PHASE_STRIP = NO;
				DEBUG_INFORMATION_FORMAT = "dwarf-with-dsym";
				ENABLE_NS_ASSERTIONS = NO;
				ENABLE_STRICT_OBJC_MSGSEND = YES;
				GCC_C_LANGUAGE_STANDARD = gnu99;
				GCC_NO_COMMON_BLOCKS = YES;
				GCC_WARN_64_TO_32_BIT_CONVERSION = YES;
				GCC_WARN_ABOUT_RETURN_TYPE = YES_ERROR;
				GCC_WARN_UNDECLARED_SELECTOR = YES;
				GCC_WARN_UNINITIALIZED_AUTOS = YES_AGGRESSIVE;
				GCC_WARN_UNUSED_FUNCTION = YES;
				GCC_WARN_UNUSED_VARIABLE = YES;
				IPHONEOS_DEPLOYMENT_TARGET = 10.3;
				MTL_ENABLE_DEBUG_INFO = NO;
				SDKROOT = iphoneos;
				SWIFT_OPTIMIZATION_LEVEL = "-Owholemodule";
				TARGETED_DEVICE_FAMILY = "1,2";
				VALIDATE_PRODUCT = YES;
			};
			name = Release;
		};
		3FD85BEA1F53AE2A00E782B1 /* Debug */ = {
			isa = XCBuildConfiguration;
			buildSettings = {
				ASSETCATALOG_COMPILER_APPICON_NAME = AppIcon;
				INFOPLIST_FILE = IBBasics/Info.plist;
				LD_RUNPATH_SEARCH_PATHS = "$(inherited) @executable_path/Frameworks";
				PRODUCT_BUNDLE_IDENTIFIER = com.example.IBBasics;
				PRODUCT_NAME = "$(TARGET_NAME)";
				SWIFT_VERSION = 3.0;
			};
			name = Debug;
		};
		3FD85BEB1F53AE2A00E782B1 /* Release */ = {
			isa = XCBuildConfiguration;
			buildSettings = {
				ASSETCATALOG_COMPILER_APPICON_NAME = AppIcon;
				INFOPLIST_FILE = IBBasics/Info.plist;
				LD_RUNPATH_SEARCH_PATHS = "$(inherited) @executable_path/Frameworks";
				PRODUCT_BUNDLE_IDENTIFIER = com.example.IBBasics;
				PRODUCT_NAME = "$(TARGET_NAME)";
				SWIFT_VERSION = 3.0;
			};
			name = Release;
		};
/* End XCBuildConfiguration section */

/* Begin XCConfigurationList section */
		3FD85BD21F53AE2900E782B1 /* Build configuration list for PBXProject "IBBasics" */ = {
			isa = XCConfigurationList;
			buildConfigurations = (
				3FD85BE71F53AE2A00E782B1 /* Debug */,
				3FD85BE81F53AE2A00E782B1 /* Release */,
			);
			defaultConfigurationIsVisible = 0;
			defaultConfigurationName = Release;
		};
		3FD85BE91F53AE2A00E782B1 /* Build configuration list for PBXNativeTarget "IBBasics" */ = {
			isa = XCConfigurationList;
			buildConfigurations = (
				3FD85BEA1F53AE2A00E782B1 /* Debug */,
				3FD85BEB1F53AE2A00E782B1 /* Release */,
			);
			defaultConfigurationIsVisible = 0;
		};
/* End XCConfigurationList section */
	};
	rootObject = 3FD85BCF1F53AE2900E782B1 /* Project object */;
}
